Microsoft Visual Studio Solution File, Format Version 8.00
Project("{8BC9CEB8-8B4A-11D0-8D11-00A0C91BC942}") = "Component", "Component.vcproj", "{1A5A88E3-DB2F-4D80-BDD6-B3A8B71AE934}"
	ProjectSection(ProjectDependencies) = postProject
	EndProjectSection
EndProject
Global
	GlobalSection(SolutionConfiguration) = preSolution
		Debug = Debug
		Release = Release
	EndGlobalSection
	GlobalSection(ProjectConfiguration) = postSolution
		{1A5A88E3-DB2F-4D80-BDD6-B3A8B71AE934}.Debug.ActiveCfg = Debug|Win32
		{1A5A88E3-DB2F-4D80-BDD6-B3A8B71AE934}.Debug.Build.0 = Debug|Win32
		{1A5A88E3-DB2F-4D80-BDD6-B3A8B71AE934}.Release.ActiveCfg = Release|Win32
		{1A5A88E3-DB2F-4D80-BDD6-B3A8B71AE934}.Release.Build.0 = Release|Win32
	EndGlobalSection
	GlobalSection(ExtensibilityGlobals) = postSolution
	EndGlobalSection
	GlobalSection(ExtensibilityAddIns) = postSolution
	EndGlobalSection
EndGlobal
