Microsoft Visual Studio Solution File, Format Version 8.00
Project("{8BC9CEB8-8B4A-11D0-8D11-00A0C91BC942}") = "zliblib", "zliblib.vcproj", "{EA2BA309-93E1-4913-A69F-F19C12356E8B}"
	ProjectSection(ProjectDependencies) = postProject
	EndProjectSection
EndProject
Global
	GlobalSection(SolutionConfiguration) = preSolution
		Debug = Debug
		Release = Release
	EndGlobalSection
	GlobalSection(ProjectConfiguration) = postSolution
		{EA2BA309-93E1-4913-A69F-F19C12356E8B}.Debug.ActiveCfg = Debug|Win32
		{EA2BA309-93E1-4913-A69F-F19C12356E8B}.Debug.Build.0 = Debug|Win32
		{EA2BA309-93E1-4913-A69F-F19C12356E8B}.Release.ActiveCfg = Release|Win32
		{EA2BA309-93E1-4913-A69F-F19C12356E8B}.Release.Build.0 = Release|Win32
	EndGlobalSection
	GlobalSection(ExtensibilityGlobals) = postSolution
	EndGlobalSection
	GlobalSection(ExtensibilityAddIns) = postSolution
	EndGlobalSection
EndGlobal
