Microsoft Visual Studio Solution File, Format Version 8.00
Project("{8BC9CEB8-8B4A-11D0-8D11-00A0C91BC942}") = "ComponentTest", "ComponentTest\ComponentTest.vcproj", "{71998E72-CDFE-4569-9E6C-5789A529B20F}"
	ProjectSection(ProjectDependencies) = postProject
	EndProjectSection
EndProject
Project("{8BC9CEB8-8B4A-11D0-8D11-00A0C91BC942}") = "CreateNewComponent", "CreateNewComponent\CreateNewComponent.vcproj", "{6AEFC570-1F07-4E60-9714-43CAB14F9E8B}"
	ProjectSection(ProjectDependencies) = postProject
		{2053F975-DD56-4CF7-8E4E-1C1132165B42} = {2053F975-DD56-4CF7-8E4E-1C1132165B42}
		{60FA6EFB-44A0-49A8-833C-224E3A88F681} = {60FA6EFB-44A0-49A8-833C-224E3A88F681}
	EndProjectSection
EndProject
Project("{8BC9CEB8-8B4A-11D0-8D11-00A0C91BC942}") = "CreateZip", "CreateZip\CreateZip.vcproj", "{2053F975-DD56-4CF7-8E4E-1C1132165B42}"
	ProjectSection(ProjectDependencies) = postProject
		{4245C007-FE36-4CCE-9E4A-7D277E40AFC6} = {4245C007-FE36-4CCE-9E4A-7D277E40AFC6}
	EndProjectSection
EndProject
Project("{8BC9CEB8-8B4A-11D0-8D11-00A0C91BC942}") = "InterpreterConfig", "ComponentConfig\ComponentConfig.vcproj", "{4245C007-FE36-4CCE-9E4A-7D277E40AFC6}"
	ProjectSection(ProjectDependencies) = postProject
	EndProjectSection
EndProject
Project("{8BC9CEB8-8B4A-11D0-8D11-00A0C91BC942}") = "zliblib", "zlib113\zliblib.vcproj", "{60FA6EFB-44A0-49A8-833C-224E3A88F681}"
	ProjectSection(ProjectDependencies) = postProject
	EndProjectSection
EndProject
Global
	GlobalSection(SolutionConfiguration) = preSolution
		Debug = Debug
		Release = Release
	EndGlobalSection
	GlobalSection(ProjectConfiguration) = postSolution
		{71998E72-CDFE-4569-9E6C-5789A529B20F}.Debug.ActiveCfg = Debug|Win32
		{71998E72-CDFE-4569-9E6C-5789A529B20F}.Debug.Build.0 = Debug|Win32
		{71998E72-CDFE-4569-9E6C-5789A529B20F}.Release.ActiveCfg = Release|Win32
		{71998E72-CDFE-4569-9E6C-5789A529B20F}.Release.Build.0 = Release|Win32
		{6AEFC570-1F07-4E60-9714-43CAB14F9E8B}.Debug.ActiveCfg = Release|Win32
		{6AEFC570-1F07-4E60-9714-43CAB14F9E8B}.Debug.Build.0 = Release|Win32
		{6AEFC570-1F07-4E60-9714-43CAB14F9E8B}.Release.ActiveCfg = Release|Win32
		{6AEFC570-1F07-4E60-9714-43CAB14F9E8B}.Release.Build.0 = Release|Win32
		{2053F975-DD56-4CF7-8E4E-1C1132165B42}.Debug.ActiveCfg = Release|Win32
		{2053F975-DD56-4CF7-8E4E-1C1132165B42}.Debug.Build.0 = Release|Win32
		{2053F975-DD56-4CF7-8E4E-1C1132165B42}.Release.ActiveCfg = Release|Win32
		{2053F975-DD56-4CF7-8E4E-1C1132165B42}.Release.Build.0 = Release|Win32
		{4245C007-FE36-4CCE-9E4A-7D277E40AFC6}.Debug.ActiveCfg = Debug|Win32
		{4245C007-FE36-4CCE-9E4A-7D277E40AFC6}.Debug.Build.0 = Debug|Win32
		{4245C007-FE36-4CCE-9E4A-7D277E40AFC6}.Release.ActiveCfg = Release|Win32
		{4245C007-FE36-4CCE-9E4A-7D277E40AFC6}.Release.Build.0 = Release|Win32
		{60FA6EFB-44A0-49A8-833C-224E3A88F681}.Debug.ActiveCfg = Debug|Win32
		{60FA6EFB-44A0-49A8-833C-224E3A88F681}.Debug.Build.0 = Debug|Win32
		{60FA6EFB-44A0-49A8-833C-224E3A88F681}.Release.ActiveCfg = Release|Win32
		{60FA6EFB-44A0-49A8-833C-224E3A88F681}.Release.Build.0 = Release|Win32
	EndGlobalSection
	GlobalSection(ExtensibilityGlobals) = postSolution
	EndGlobalSection
	GlobalSection(ExtensibilityAddIns) = postSolution
	EndGlobalSection
EndGlobal
