Microsoft Visual Studio Solution File, Format Version 10.00
# Visual Studio 2008
Project("{8BC9CEB8-8B4A-11D0-8D11-00A0C91BC942}") = "Annotator", "Annotator\Annotator.vcproj", "{835438ED-280C-4863-9C03-A62F3D504005}"
	ProjectSection(ProjectDependencies) = postProject
		{BEF31E1E-BB02-4687-A543-A6AD5D522869} = {BEF31E1E-BB02-4687-A543-A6AD5D522869}
		{A9BA4850-C3D5-45DC-98B3-C29EC9FD54EB} = {A9BA4850-C3D5-45DC-98B3-C29EC9FD54EB}
		{CA09AB5C-BFAC-4152-AE0B-D5AFC400A5E7} = {CA09AB5C-BFAC-4152-AE0B-D5AFC400A5E7}
		{86DAEF74-2527-41E5-82CE-52C31C5BBE8E} = {86DAEF74-2527-41E5-82CE-52C31C5BBE8E}
	EndProjectSection
EndProject
Project("{8BC9CEB8-8B4A-11D0-8D11-00A0C91BC942}") = "Common", "Common\Common.vcproj", "{BEF31E1E-BB02-4687-A543-A6AD5D522869}"
EndProject
Project("{8BC9CEB8-8B4A-11D0-8D11-00A0C91BC942}") = "Console", "Console\Console.vcproj", "{9AA127A4-56E0-4594-8BF9-E1195E9E2097}"
	ProjectSection(ProjectDependencies) = postProject
		{BEF31E1E-BB02-4687-A543-A6AD5D522869} = {BEF31E1E-BB02-4687-A543-A6AD5D522869}
		{A9BA4850-C3D5-45DC-98B3-C29EC9FD54EB} = {A9BA4850-C3D5-45DC-98B3-C29EC9FD54EB}
		{CA09AB5C-BFAC-4152-AE0B-D5AFC400A5E7} = {CA09AB5C-BFAC-4152-AE0B-D5AFC400A5E7}
		{86DAEF74-2527-41E5-82CE-52C31C5BBE8E} = {86DAEF74-2527-41E5-82CE-52C31C5BBE8E}
	EndProjectSection
EndProject
Project("{8BC9CEB8-8B4A-11D0-8D11-00A0C91BC942}") = "ConstraintManager", "ConstraintManager\ConstraintManager.vcproj", "{4620CC8E-AA35-432A-8ABE-41E22840890E}"
	ProjectSection(ProjectDependencies) = postProject
		{BEF31E1E-BB02-4687-A543-A6AD5D522869} = {BEF31E1E-BB02-4687-A543-A6AD5D522869}
		{A9BA4850-C3D5-45DC-98B3-C29EC9FD54EB} = {A9BA4850-C3D5-45DC-98B3-C29EC9FD54EB}
		{86DAEF74-2527-41E5-82CE-52C31C5BBE8E} = {86DAEF74-2527-41E5-82CE-52C31C5BBE8E}
		{0B16B893-5512-48B8-B764-EE72C522EAD8} = {0B16B893-5512-48B8-B764-EE72C522EAD8}
	EndProjectSection
EndProject
Project("{8BC9CEB8-8B4A-11D0-8D11-00A0C91BC942}") = "Core", "Core\Core.vcproj", "{0B16B893-5512-48B8-B764-EE72C522EAD8}"
	ProjectSection(ProjectDependencies) = postProject
		{BEF31E1E-BB02-4687-A543-A6AD5D522869} = {BEF31E1E-BB02-4687-A543-A6AD5D522869}
		{A9BA4850-C3D5-45DC-98B3-C29EC9FD54EB} = {A9BA4850-C3D5-45DC-98B3-C29EC9FD54EB}
	EndProjectSection
EndProject
Project("{8BC9CEB8-8B4A-11D0-8D11-00A0C91BC942}") = "GME", "Gme\GME.vcproj", "{10471163-556B-4BE1-A12E-C917F90F8346}"
	ProjectSection(ProjectDependencies) = postProject
		{73A7151A-1044-417B-ACC8-88C48F0AFDCC} = {73A7151A-1044-417B-ACC8-88C48F0AFDCC}
		{BEF31E1E-BB02-4687-A543-A6AD5D522869} = {BEF31E1E-BB02-4687-A543-A6AD5D522869}
		{693C0D2E-2469-4DEC-A7C6-DD76346EFD56} = {693C0D2E-2469-4DEC-A7C6-DD76346EFD56}
		{A9BA4850-C3D5-45DC-98B3-C29EC9FD54EB} = {A9BA4850-C3D5-45DC-98B3-C29EC9FD54EB}
		{6E19B252-97C9-45F8-B210-AA5D986AA2A7} = {6E19B252-97C9-45F8-B210-AA5D986AA2A7}
		{CA09AB5C-BFAC-4152-AE0B-D5AFC400A5E7} = {CA09AB5C-BFAC-4152-AE0B-D5AFC400A5E7}
		{86DAEF74-2527-41E5-82CE-52C31C5BBE8E} = {86DAEF74-2527-41E5-82CE-52C31C5BBE8E}
		{EC447287-A21A-4DE2-822A-55F20A5805D4} = {EC447287-A21A-4DE2-822A-55F20A5805D4}
		{4620CC8E-AA35-432A-8ABE-41E22840890E} = {4620CC8E-AA35-432A-8ABE-41E22840890E}
		{9AA127A4-56E0-4594-8BF9-E1195E9E2097} = {9AA127A4-56E0-4594-8BF9-E1195E9E2097}
		{53ACCFA8-118E-4C33-B21C-77A418628428} = {53ACCFA8-118E-4C33-B21C-77A418628428}
		{66D5FEC3-17C7-4B20-9A3A-07A1B585314F} = {66D5FEC3-17C7-4B20-9A3A-07A1B585314F}
		{E7BA4AE5-62CD-468C-9CE3-82557810C9E9} = {E7BA4AE5-62CD-468C-9CE3-82557810C9E9}
		{835438ED-280C-4863-9C03-A62F3D504005} = {835438ED-280C-4863-9C03-A62F3D504005}
	EndProjectSection
EndProject
Project("{8BC9CEB8-8B4A-11D0-8D11-00A0C91BC942}") = "GMEActiveBrowser", "GMEActiveBrowser\GMEActiveBrowser.vcproj", "{6E19B252-97C9-45F8-B210-AA5D986AA2A7}"
	ProjectSection(ProjectDependencies) = postProject
		{73A7151A-1044-417B-ACC8-88C48F0AFDCC} = {73A7151A-1044-417B-ACC8-88C48F0AFDCC}
		{BEF31E1E-BB02-4687-A543-A6AD5D522869} = {BEF31E1E-BB02-4687-A543-A6AD5D522869}
		{A9BA4850-C3D5-45DC-98B3-C29EC9FD54EB} = {A9BA4850-C3D5-45DC-98B3-C29EC9FD54EB}
		{CA09AB5C-BFAC-4152-AE0B-D5AFC400A5E7} = {CA09AB5C-BFAC-4152-AE0B-D5AFC400A5E7}
		{86DAEF74-2527-41E5-82CE-52C31C5BBE8E} = {86DAEF74-2527-41E5-82CE-52C31C5BBE8E}
	EndProjectSection
EndProject
Project("{8BC9CEB8-8B4A-11D0-8D11-00A0C91BC942}") = "IFChecksumProg", "IFChecksumProg\IFChecksumProg.vcproj", "{3A2C69FE-CF8A-4911-ABA3-74F0CB560CE6}"
EndProject
Project("{8BC9CEB8-8B4A-11D0-8D11-00A0C91BC942}") = "Interfaces", "Interfaces\Interfaces.vcproj", "{A9BA4850-C3D5-45DC-98B3-C29EC9FD54EB}"
	ProjectSection(ProjectDependencies) = postProject
		{3A2C69FE-CF8A-4911-ABA3-74F0CB560CE6} = {3A2C69FE-CF8A-4911-ABA3-74F0CB560CE6}
	EndProjectSection
EndProject
Project("{8BC9CEB8-8B4A-11D0-8D11-00A0C91BC942}") = "Meta", "Meta\Meta.vcproj", "{3ED3216E-B64C-4D0B-881F-68BFF2CB3E83}"
	ProjectSection(ProjectDependencies) = postProject
		{BEF31E1E-BB02-4687-A543-A6AD5D522869} = {BEF31E1E-BB02-4687-A543-A6AD5D522869}
		{A9BA4850-C3D5-45DC-98B3-C29EC9FD54EB} = {A9BA4850-C3D5-45DC-98B3-C29EC9FD54EB}
		{0B16B893-5512-48B8-B764-EE72C522EAD8} = {0B16B893-5512-48B8-B764-EE72C522EAD8}
	EndProjectSection
EndProject
Project("{8BC9CEB8-8B4A-11D0-8D11-00A0C91BC942}") = "Mga", "Mga\Mga.vcproj", "{86DAEF74-2527-41E5-82CE-52C31C5BBE8E}"
	ProjectSection(ProjectDependencies) = postProject
		{BEF31E1E-BB02-4687-A543-A6AD5D522869} = {BEF31E1E-BB02-4687-A543-A6AD5D522869}
		{A9BA4850-C3D5-45DC-98B3-C29EC9FD54EB} = {A9BA4850-C3D5-45DC-98B3-C29EC9FD54EB}
		{3ED3216E-B64C-4D0B-881F-68BFF2CB3E83} = {3ED3216E-B64C-4D0B-881F-68BFF2CB3E83}
		{0B16B893-5512-48B8-B764-EE72C522EAD8} = {0B16B893-5512-48B8-B764-EE72C522EAD8}
		{1D361B9D-7E8D-4778-A3B2-0F9C3CF0978C} = {1D361B9D-7E8D-4778-A3B2-0F9C3CF0978C}
	EndProjectSection
EndProject
Project("{8BC9CEB8-8B4A-11D0-8D11-00A0C91BC942}") = "MgaDecorators", "MgaDecorators\MgaDecorators.vcproj", "{66D5FEC3-17C7-4B20-9A3A-07A1B585314F}"
	ProjectSection(ProjectDependencies) = postProject
		{BEF31E1E-BB02-4687-A543-A6AD5D522869} = {BEF31E1E-BB02-4687-A543-A6AD5D522869}
		{77FEBD41-CD6C-4D55-B561-3957F7151CC2} = {77FEBD41-CD6C-4D55-B561-3957F7151CC2}
		{A9BA4850-C3D5-45DC-98B3-C29EC9FD54EB} = {A9BA4850-C3D5-45DC-98B3-C29EC9FD54EB}
		{CA09AB5C-BFAC-4152-AE0B-D5AFC400A5E7} = {CA09AB5C-BFAC-4152-AE0B-D5AFC400A5E7}
		{3ED3216E-B64C-4D0B-881F-68BFF2CB3E83} = {3ED3216E-B64C-4D0B-881F-68BFF2CB3E83}
		{86DAEF74-2527-41E5-82CE-52C31C5BBE8E} = {86DAEF74-2527-41E5-82CE-52C31C5BBE8E}
	EndProjectSection
EndProject
Project("{8BC9CEB8-8B4A-11D0-8D11-00A0C91BC942}") = "MgaUtil", "MgaUtil\MgaUtil.vcproj", "{CA09AB5C-BFAC-4152-AE0B-D5AFC400A5E7}"
	ProjectSection(ProjectDependencies) = postProject
		{BEF31E1E-BB02-4687-A543-A6AD5D522869} = {BEF31E1E-BB02-4687-A543-A6AD5D522869}
		{A9BA4850-C3D5-45DC-98B3-C29EC9FD54EB} = {A9BA4850-C3D5-45DC-98B3-C29EC9FD54EB}
		{86DAEF74-2527-41E5-82CE-52C31C5BBE8E} = {86DAEF74-2527-41E5-82CE-52C31C5BBE8E}
	EndProjectSection
EndProject
Project("{8BC9CEB8-8B4A-11D0-8D11-00A0C91BC942}") = "ObjectInspector", "ObjectInspector\ObjectInspector.vcproj", "{E7BA4AE5-62CD-468C-9CE3-82557810C9E9}"
	ProjectSection(ProjectDependencies) = postProject
		{BEF31E1E-BB02-4687-A543-A6AD5D522869} = {BEF31E1E-BB02-4687-A543-A6AD5D522869}
		{A9BA4850-C3D5-45DC-98B3-C29EC9FD54EB} = {A9BA4850-C3D5-45DC-98B3-C29EC9FD54EB}
		{CA09AB5C-BFAC-4152-AE0B-D5AFC400A5E7} = {CA09AB5C-BFAC-4152-AE0B-D5AFC400A5E7}
		{86DAEF74-2527-41E5-82CE-52C31C5BBE8E} = {86DAEF74-2527-41E5-82CE-52C31C5BBE8E}
	EndProjectSection
EndProject
Project("{8BC9CEB8-8B4A-11D0-8D11-00A0C91BC942}") = "Parser", "Parser\Parser.vcproj", "{73A7151A-1044-417B-ACC8-88C48F0AFDCC}"
	ProjectSection(ProjectDependencies) = postProject
		{BEF31E1E-BB02-4687-A543-A6AD5D522869} = {BEF31E1E-BB02-4687-A543-A6AD5D522869}
		{A9BA4850-C3D5-45DC-98B3-C29EC9FD54EB} = {A9BA4850-C3D5-45DC-98B3-C29EC9FD54EB}
		{CA09AB5C-BFAC-4152-AE0B-D5AFC400A5E7} = {CA09AB5C-BFAC-4152-AE0B-D5AFC400A5E7}
		{86DAEF74-2527-41E5-82CE-52C31C5BBE8E} = {86DAEF74-2527-41E5-82CE-52C31C5BBE8E}
	EndProjectSection
EndProject
Project("{8BC9CEB8-8B4A-11D0-8D11-00A0C91BC942}") = "Search", "Search\Search.vcproj", "{693C0D2E-2469-4DEC-A7C6-DD76346EFD56}"
	ProjectSection(ProjectDependencies) = postProject
		{BEF31E1E-BB02-4687-A543-A6AD5D522869} = {BEF31E1E-BB02-4687-A543-A6AD5D522869}
		{A9BA4850-C3D5-45DC-98B3-C29EC9FD54EB} = {A9BA4850-C3D5-45DC-98B3-C29EC9FD54EB}
		{CA09AB5C-BFAC-4152-AE0B-D5AFC400A5E7} = {CA09AB5C-BFAC-4152-AE0B-D5AFC400A5E7}
		{86DAEF74-2527-41E5-82CE-52C31C5BBE8E} = {86DAEF74-2527-41E5-82CE-52C31C5BBE8E}
	EndProjectSection
EndProject
Project("{8BC9CEB8-8B4A-11D0-8D11-00A0C91BC942}") = "XmlBackEnd", "XmlBackEnd\XmlBackEnd.vcproj", "{1D361B9D-7E8D-4778-A3B2-0F9C3CF0978C}"
	ProjectSection(ProjectDependencies) = postProject
		{BEF31E1E-BB02-4687-A543-A6AD5D522869} = {BEF31E1E-BB02-4687-A543-A6AD5D522869}
		{A9BA4850-C3D5-45DC-98B3-C29EC9FD54EB} = {A9BA4850-C3D5-45DC-98B3-C29EC9FD54EB}
		{0B16B893-5512-48B8-B764-EE72C522EAD8} = {0B16B893-5512-48B8-B764-EE72C522EAD8}
	EndProjectSection
EndProject
Project("{8BC9CEB8-8B4A-11D0-8D11-00A0C91BC942}") = "PartBrowser", "PartBrowser\PartBrowser.vcproj", "{EC447287-A21A-4DE2-822A-55F20A5805D4}"
	ProjectSection(ProjectDependencies) = postProject
		{73A7151A-1044-417B-ACC8-88C48F0AFDCC} = {73A7151A-1044-417B-ACC8-88C48F0AFDCC}
		{BEF31E1E-BB02-4687-A543-A6AD5D522869} = {BEF31E1E-BB02-4687-A543-A6AD5D522869}
		{A9BA4850-C3D5-45DC-98B3-C29EC9FD54EB} = {A9BA4850-C3D5-45DC-98B3-C29EC9FD54EB}
		{CA09AB5C-BFAC-4152-AE0B-D5AFC400A5E7} = {CA09AB5C-BFAC-4152-AE0B-D5AFC400A5E7}
		{3ED3216E-B64C-4D0B-881F-68BFF2CB3E83} = {3ED3216E-B64C-4D0B-881F-68BFF2CB3E83}
		{86DAEF74-2527-41E5-82CE-52C31C5BBE8E} = {86DAEF74-2527-41E5-82CE-52C31C5BBE8E}
		{0B16B893-5512-48B8-B764-EE72C522EAD8} = {0B16B893-5512-48B8-B764-EE72C522EAD8}
	EndProjectSection
EndProject
Project("{8BC9CEB8-8B4A-11D0-8D11-00A0C91BC942}") = "PanningView", "PanningView\PanningView.vcproj", "{53ACCFA8-118E-4C33-B21C-77A418628428}"
	ProjectSection(ProjectDependencies) = postProject
		{BEF31E1E-BB02-4687-A543-A6AD5D522869} = {BEF31E1E-BB02-4687-A543-A6AD5D522869}
		{A9BA4850-C3D5-45DC-98B3-C29EC9FD54EB} = {A9BA4850-C3D5-45DC-98B3-C29EC9FD54EB}
		{CA09AB5C-BFAC-4152-AE0B-D5AFC400A5E7} = {CA09AB5C-BFAC-4152-AE0B-D5AFC400A5E7}
		{86DAEF74-2527-41E5-82CE-52C31C5BBE8E} = {86DAEF74-2527-41E5-82CE-52C31C5BBE8E}
	EndProjectSection
EndProject
Project("{8BC9CEB8-8B4A-11D0-8D11-00A0C91BC942}") = "DecoratorLib", "..\SDK\DecoratorLib\DecoratorLib.vcproj", "{77FEBD41-CD6C-4D55-B561-3957F7151CC2}"
	ProjectSection(ProjectDependencies) = postProject
		{A9BA4850-C3D5-45DC-98B3-C29EC9FD54EB} = {A9BA4850-C3D5-45DC-98B3-C29EC9FD54EB}
		{CA09AB5C-BFAC-4152-AE0B-D5AFC400A5E7} = {CA09AB5C-BFAC-4152-AE0B-D5AFC400A5E7}
		{3ED3216E-B64C-4D0B-881F-68BFF2CB3E83} = {3ED3216E-B64C-4D0B-881F-68BFF2CB3E83}
		{86DAEF74-2527-41E5-82CE-52C31C5BBE8E} = {86DAEF74-2527-41E5-82CE-52C31C5BBE8E}
	EndProjectSection
EndProject
Global
	GlobalSection(SolutionConfigurationPlatforms) = preSolution
		Debug|Win32 = Debug|Win32
		Release|Win32 = Release|Win32
	EndGlobalSection
	GlobalSection(ProjectConfigurationPlatforms) = postSolution
		{835438ED-280C-4863-9C03-A62F3D504005}.Debug|Win32.ActiveCfg = Debug|Win32
		{835438ED-280C-4863-9C03-A62F3D504005}.Debug|Win32.Build.0 = Debug|Win32
		{835438ED-280C-4863-9C03-A62F3D504005}.Release|Win32.ActiveCfg = Release|Win32
		{835438ED-280C-4863-9C03-A62F3D504005}.Release|Win32.Build.0 = Release|Win32
		{BEF31E1E-BB02-4687-A543-A6AD5D522869}.Debug|Win32.ActiveCfg = Debug|Win32
		{BEF31E1E-BB02-4687-A543-A6AD5D522869}.Debug|Win32.Build.0 = Debug|Win32
		{BEF31E1E-BB02-4687-A543-A6AD5D522869}.Release|Win32.ActiveCfg = Release|Win32
		{BEF31E1E-BB02-4687-A543-A6AD5D522869}.Release|Win32.Build.0 = Release|Win32
		{9AA127A4-56E0-4594-8BF9-E1195E9E2097}.Debug|Win32.ActiveCfg = Debug|Win32
		{9AA127A4-56E0-4594-8BF9-E1195E9E2097}.Debug|Win32.Build.0 = Debug|Win32
		{9AA127A4-56E0-4594-8BF9-E1195E9E2097}.Release|Win32.ActiveCfg = Release|Win32
		{9AA127A4-56E0-4594-8BF9-E1195E9E2097}.Release|Win32.Build.0 = Release|Win32
		{4620CC8E-AA35-432A-8ABE-41E22840890E}.Debug|Win32.ActiveCfg = Debug|Win32
		{4620CC8E-AA35-432A-8ABE-41E22840890E}.Debug|Win32.Build.0 = Debug|Win32
		{4620CC8E-AA35-432A-8ABE-41E22840890E}.Release|Win32.ActiveCfg = Release|Win32
		{4620CC8E-AA35-432A-8ABE-41E22840890E}.Release|Win32.Build.0 = Release|Win32
		{0B16B893-5512-48B8-B764-EE72C522EAD8}.Debug|Win32.ActiveCfg = Debug|Win32
		{0B16B893-5512-48B8-B764-EE72C522EAD8}.Debug|Win32.Build.0 = Debug|Win32
		{0B16B893-5512-48B8-B764-EE72C522EAD8}.Release|Win32.ActiveCfg = Release|Win32
		{0B16B893-5512-48B8-B764-EE72C522EAD8}.Release|Win32.Build.0 = Release|Win32
		{10471163-556B-4BE1-A12E-C917F90F8346}.Debug|Win32.ActiveCfg = Debug|Win32
		{10471163-556B-4BE1-A12E-C917F90F8346}.Debug|Win32.Build.0 = Debug|Win32
		{10471163-556B-4BE1-A12E-C917F90F8346}.Release|Win32.ActiveCfg = Release|Win32
		{10471163-556B-4BE1-A12E-C917F90F8346}.Release|Win32.Build.0 = Release|Win32
		{6E19B252-97C9-45F8-B210-AA5D986AA2A7}.Debug|Win32.ActiveCfg = Debug|Win32
		{6E19B252-97C9-45F8-B210-AA5D986AA2A7}.Debug|Win32.Build.0 = Debug|Win32
		{6E19B252-97C9-45F8-B210-AA5D986AA2A7}.Release|Win32.ActiveCfg = Release|Win32
		{6E19B252-97C9-45F8-B210-AA5D986AA2A7}.Release|Win32.Build.0 = Release|Win32
		{3A2C69FE-CF8A-4911-ABA3-74F0CB560CE6}.Debug|Win32.ActiveCfg = Release|Win32
		{3A2C69FE-CF8A-4911-ABA3-74F0CB560CE6}.Debug|Win32.Build.0 = Release|Win32
		{3A2C69FE-CF8A-4911-ABA3-74F0CB560CE6}.Release|Win32.ActiveCfg = Release|Win32
		{3A2C69FE-CF8A-4911-ABA3-74F0CB560CE6}.Release|Win32.Build.0 = Release|Win32
		{A9BA4850-C3D5-45DC-98B3-C29EC9FD54EB}.Debug|Win32.ActiveCfg = Debug|Win32
		{A9BA4850-C3D5-45DC-98B3-C29EC9FD54EB}.Debug|Win32.Build.0 = Debug|Win32
		{A9BA4850-C3D5-45DC-98B3-C29EC9FD54EB}.Release|Win32.ActiveCfg = Release|Win32
		{A9BA4850-C3D5-45DC-98B3-C29EC9FD54EB}.Release|Win32.Build.0 = Release|Win32
		{3ED3216E-B64C-4D0B-881F-68BFF2CB3E83}.Debug|Win32.ActiveCfg = Debug|Win32
		{3ED3216E-B64C-4D0B-881F-68BFF2CB3E83}.Debug|Win32.Build.0 = Debug|Win32
		{3ED3216E-B64C-4D0B-881F-68BFF2CB3E83}.Release|Win32.ActiveCfg = Release|Win32
		{3ED3216E-B64C-4D0B-881F-68BFF2CB3E83}.Release|Win32.Build.0 = Release|Win32
		{86DAEF74-2527-41E5-82CE-52C31C5BBE8E}.Debug|Win32.ActiveCfg = Debug|Win32
		{86DAEF74-2527-41E5-82CE-52C31C5BBE8E}.Debug|Win32.Build.0 = Debug|Win32
		{86DAEF74-2527-41E5-82CE-52C31C5BBE8E}.Release|Win32.ActiveCfg = Release|Win32
		{86DAEF74-2527-41E5-82CE-52C31C5BBE8E}.Release|Win32.Build.0 = Release|Win32
		{66D5FEC3-17C7-4B20-9A3A-07A1B585314F}.Debug|Win32.ActiveCfg = Debug|Win32
		{66D5FEC3-17C7-4B20-9A3A-07A1B585314F}.Debug|Win32.Build.0 = Debug|Win32
		{66D5FEC3-17C7-4B20-9A3A-07A1B585314F}.Release|Win32.ActiveCfg = Release|Win32
		{66D5FEC3-17C7-4B20-9A3A-07A1B585314F}.Release|Win32.Build.0 = Release|Win32
		{CA09AB5C-BFAC-4152-AE0B-D5AFC400A5E7}.Debug|Win32.ActiveCfg = Debug|Win32
		{CA09AB5C-BFAC-4152-AE0B-D5AFC400A5E7}.Debug|Win32.Build.0 = Debug|Win32
		{CA09AB5C-BFAC-4152-AE0B-D5AFC400A5E7}.Release|Win32.ActiveCfg = Release|Win32
		{CA09AB5C-BFAC-4152-AE0B-D5AFC400A5E7}.Release|Win32.Build.0 = Release|Win32
		{E7BA4AE5-62CD-468C-9CE3-82557810C9E9}.Debug|Win32.ActiveCfg = Debug|Win32
		{E7BA4AE5-62CD-468C-9CE3-82557810C9E9}.Debug|Win32.Build.0 = Debug|Win32
		{E7BA4AE5-62CD-468C-9CE3-82557810C9E9}.Release|Win32.ActiveCfg = Release|Win32
		{E7BA4AE5-62CD-468C-9CE3-82557810C9E9}.Release|Win32.Build.0 = Release|Win32
		{73A7151A-1044-417B-ACC8-88C48F0AFDCC}.Debug|Win32.ActiveCfg = Debug|Win32
		{73A7151A-1044-417B-ACC8-88C48F0AFDCC}.Debug|Win32.Build.0 = Debug|Win32
		{73A7151A-1044-417B-ACC8-88C48F0AFDCC}.Release|Win32.ActiveCfg = Release|Win32
		{73A7151A-1044-417B-ACC8-88C48F0AFDCC}.Release|Win32.Build.0 = Release|Win32
		{693C0D2E-2469-4DEC-A7C6-DD76346EFD56}.Debug|Win32.ActiveCfg = Debug|Win32
		{693C0D2E-2469-4DEC-A7C6-DD76346EFD56}.Debug|Win32.Build.0 = Debug|Win32
		{693C0D2E-2469-4DEC-A7C6-DD76346EFD56}.Release|Win32.ActiveCfg = Release|Win32
		{693C0D2E-2469-4DEC-A7C6-DD76346EFD56}.Release|Win32.Build.0 = Release|Win32
		{1D361B9D-7E8D-4778-A3B2-0F9C3CF0978C}.Debug|Win32.ActiveCfg = Debug|Win32
		{1D361B9D-7E8D-4778-A3B2-0F9C3CF0978C}.Debug|Win32.Build.0 = Debug|Win32
		{1D361B9D-7E8D-4778-A3B2-0F9C3CF0978C}.Release|Win32.ActiveCfg = Release|Win32
		{1D361B9D-7E8D-4778-A3B2-0F9C3CF0978C}.Release|Win32.Build.0 = Release|Win32
		{EC447287-A21A-4DE2-822A-55F20A5805D4}.Debug|Win32.ActiveCfg = Debug|Win32
		{EC447287-A21A-4DE2-822A-55F20A5805D4}.Debug|Win32.Build.0 = Debug|Win32
		{EC447287-A21A-4DE2-822A-55F20A5805D4}.Release|Win32.ActiveCfg = Release|Win32
		{EC447287-A21A-4DE2-822A-55F20A5805D4}.Release|Win32.Build.0 = Release|Win32
		{53ACCFA8-118E-4C33-B21C-77A418628428}.Debug|Win32.ActiveCfg = Debug|Win32
		{53ACCFA8-118E-4C33-B21C-77A418628428}.Debug|Win32.Build.0 = Debug|Win32
		{53ACCFA8-118E-4C33-B21C-77A418628428}.Release|Win32.ActiveCfg = Release|Win32
		{53ACCFA8-118E-4C33-B21C-77A418628428}.Release|Win32.Build.0 = Release|Win32
		{77FEBD41-CD6C-4D55-B561-3957F7151CC2}.Debug|Win32.ActiveCfg = Debug|Win32
		{77FEBD41-CD6C-4D55-B561-3957F7151CC2}.Debug|Win32.Build.0 = Debug|Win32
		{77FEBD41-CD6C-4D55-B561-3957F7151CC2}.Release|Win32.ActiveCfg = Release|Win32
		{77FEBD41-CD6C-4D55-B561-3957F7151CC2}.Release|Win32.Build.0 = Release|Win32
	EndGlobalSection
	GlobalSection(SolutionProperties) = preSolution
		HideSolutionNode = FALSE
	EndGlobalSection
EndGlobal
