Microsoft Visual Studio Solution File, Format Version 10.00
# Visual Studio 2008
Project("{8BC9CEB8-8B4A-11D0-8D11-00A0C91BC942}") = "BonExt", "BonExtension\BonExt.vcproj", "{9D73053A-B452-4F0C-9954-679EC82FDD9A}"
	ProjectSection(ProjectDependencies) = postProject
		{8789990A-1CEB-457D-9E99-C718A6D89781} = {8789990A-1CEB-457D-9E99-C718A6D89781}
	EndProjectSection
EndProject
Project("{8BC9CEB8-8B4A-11D0-8D11-00A0C91BC942}") = "MONTraverser", "MONTraverser\MONTraverserBON2Component.vcproj", "{50CCEF55-B621-42AF-8C79-EA9D97D3AF0A}"
EndProject
Project("{8BC9CEB8-8B4A-11D0-8D11-00A0C91BC942}") = "MetaDecorator", "MetaDecorator\MetaDecorator.vcproj", "{8789990A-1CEB-457D-9E99-C718A6D89781}"
EndProject
Project("{8BC9CEB8-8B4A-11D0-8D11-00A0C91BC942}") = "MetaGME2004", "MetaInterpreter2004\MetaGME2004.vcproj", "{19E47A7E-B569-4E9B-BD77-FE9E310098EB}"
	ProjectSection(ProjectDependencies) = postProject
		{8789990A-1CEB-457D-9E99-C718A6D89781} = {8789990A-1CEB-457D-9E99-C718A6D89781}
	EndProjectSection
EndProject
Project("{8BC9CEB8-8B4A-11D0-8D11-00A0C91BC942}") = "Paradigm", "Paradigm\Paradigm.vcproj", "{E0F4960A-05DD-483D-92EE-F5CBB354FE43}"
EndProject
Project("{8BC9CEB8-8B4A-11D0-8D11-00A0C91BC942}") = "NamespaceConfig", "NamespaceConfigure\NamespaceConfig.vcproj", "{A915BA20-6F11-437A-B668-8368F4A88B46}"
EndProject
Project("{8BC9CEB8-8B4A-11D0-8D11-00A0C91BC942}") = "MetaMAid", "MetaMAid\MetaMAid.vcproj", "{26535D0F-DB18-4C54-BA49-EC1C65823D83}"
	ProjectSection(ProjectDependencies) = postProject
		{8789990A-1CEB-457D-9E99-C718A6D89781} = {8789990A-1CEB-457D-9E99-C718A6D89781}
	EndProjectSection
EndProject
Project("{8BC9CEB8-8B4A-11D0-8D11-00A0C91BC942}") = "QuRep", "QuRep\QuRepComponent.vcproj", "{C27B35CF-08FE-4B91-9EB4-78A8583A23D4}"
EndProject
Project("{8BC9CEB8-8B4A-11D0-8D11-00A0C91BC942}") = "BonXtender8", "BonExtension8\BonXtender8.vcproj", "{DF66F798-BCC9-44D0-9FFB-1148C353DDD7}"
EndProject
Project("{FAE04EC0-301F-11D3-BF4B-00C04F79EFBC}") = "CSharpBonExtension", "CSharpBonExtension\CSharpBonExtension.csproj", "{319187C8-844C-401E-B3DD-0E9BB54D97F0}"
EndProject
Global
	GlobalSection(SolutionConfigurationPlatforms) = preSolution
		Debug|Any CPU = Debug|Any CPU
		Debug|Mixed Platforms = Debug|Mixed Platforms
		Debug|Win32 = Debug|Win32
		Release|Any CPU = Release|Any CPU
		Release|Mixed Platforms = Release|Mixed Platforms
		Release|Win32 = Release|Win32
		ReleaseNoUserInput|Any CPU = ReleaseNoUserInput|Any CPU
		ReleaseNoUserInput|Mixed Platforms = ReleaseNoUserInput|Mixed Platforms
		ReleaseNoUserInput|Win32 = ReleaseNoUserInput|Win32
	EndGlobalSection
	GlobalSection(ProjectConfigurationPlatforms) = postSolution
		{9D73053A-B452-4F0C-9954-679EC82FDD9A}.Debug|Any CPU.ActiveCfg = Debug|Win32
		{9D73053A-B452-4F0C-9954-679EC82FDD9A}.Debug|Mixed Platforms.ActiveCfg = Debug|Win32
		{9D73053A-B452-4F0C-9954-679EC82FDD9A}.Debug|Mixed Platforms.Build.0 = Debug|Win32
		{9D73053A-B452-4F0C-9954-679EC82FDD9A}.Debug|Win32.ActiveCfg = Debug|Win32
		{9D73053A-B452-4F0C-9954-679EC82FDD9A}.Debug|Win32.Build.0 = Debug|Win32
		{9D73053A-B452-4F0C-9954-679EC82FDD9A}.Release|Any CPU.ActiveCfg = Release|Win32
		{9D73053A-B452-4F0C-9954-679EC82FDD9A}.Release|Mixed Platforms.ActiveCfg = Release|Win32
		{9D73053A-B452-4F0C-9954-679EC82FDD9A}.Release|Mixed Platforms.Build.0 = Release|Win32
		{9D73053A-B452-4F0C-9954-679EC82FDD9A}.Release|Win32.ActiveCfg = Release|Win32
		{9D73053A-B452-4F0C-9954-679EC82FDD9A}.Release|Win32.Build.0 = Release|Win32
		{9D73053A-B452-4F0C-9954-679EC82FDD9A}.ReleaseNoUserInput|Any CPU.ActiveCfg = Release|Win32
		{9D73053A-B452-4F0C-9954-679EC82FDD9A}.ReleaseNoUserInput|Mixed Platforms.ActiveCfg = Release|Win32
		{9D73053A-B452-4F0C-9954-679EC82FDD9A}.ReleaseNoUserInput|Mixed Platforms.Build.0 = Release|Win32
		{9D73053A-B452-4F0C-9954-679EC82FDD9A}.ReleaseNoUserInput|Win32.ActiveCfg = Release|Win32
		{9D73053A-B452-4F0C-9954-679EC82FDD9A}.ReleaseNoUserInput|Win32.Build.0 = Release|Win32
		{50CCEF55-B621-42AF-8C79-EA9D97D3AF0A}.Debug|Any CPU.ActiveCfg = Debug|Win32
		{50CCEF55-B621-42AF-8C79-EA9D97D3AF0A}.Debug|Mixed Platforms.ActiveCfg = Debug|Win32
		{50CCEF55-B621-42AF-8C79-EA9D97D3AF0A}.Debug|Mixed Platforms.Build.0 = Debug|Win32
		{50CCEF55-B621-42AF-8C79-EA9D97D3AF0A}.Debug|Win32.ActiveCfg = Debug|Win32
		{50CCEF55-B621-42AF-8C79-EA9D97D3AF0A}.Debug|Win32.Build.0 = Debug|Win32
		{50CCEF55-B621-42AF-8C79-EA9D97D3AF0A}.Release|Any CPU.ActiveCfg = Release|Win32
		{50CCEF55-B621-42AF-8C79-EA9D97D3AF0A}.Release|Mixed Platforms.ActiveCfg = Release|Win32
		{50CCEF55-B621-42AF-8C79-EA9D97D3AF0A}.Release|Mixed Platforms.Build.0 = Release|Win32
		{50CCEF55-B621-42AF-8C79-EA9D97D3AF0A}.Release|Win32.ActiveCfg = Release|Win32
		{50CCEF55-B621-42AF-8C79-EA9D97D3AF0A}.Release|Win32.Build.0 = Release|Win32
		{50CCEF55-B621-42AF-8C79-EA9D97D3AF0A}.ReleaseNoUserInput|Any CPU.ActiveCfg = Release|Win32
		{50CCEF55-B621-42AF-8C79-EA9D97D3AF0A}.ReleaseNoUserInput|Mixed Platforms.ActiveCfg = Release|Win32
		{50CCEF55-B621-42AF-8C79-EA9D97D3AF0A}.ReleaseNoUserInput|Mixed Platforms.Build.0 = Release|Win32
		{50CCEF55-B621-42AF-8C79-EA9D97D3AF0A}.ReleaseNoUserInput|Win32.ActiveCfg = Release|Win32
		{50CCEF55-B621-42AF-8C79-EA9D97D3AF0A}.ReleaseNoUserInput|Win32.Build.0 = Release|Win32
		{8789990A-1CEB-457D-9E99-C718A6D89781}.Debug|Any CPU.ActiveCfg = Debug|Win32
		{8789990A-1CEB-457D-9E99-C718A6D89781}.Debug|Mixed Platforms.ActiveCfg = Debug|Win32
		{8789990A-1CEB-457D-9E99-C718A6D89781}.Debug|Mixed Platforms.Build.0 = Debug|Win32
		{8789990A-1CEB-457D-9E99-C718A6D89781}.Debug|Win32.ActiveCfg = Debug|Win32
		{8789990A-1CEB-457D-9E99-C718A6D89781}.Debug|Win32.Build.0 = Debug|Win32
		{8789990A-1CEB-457D-9E99-C718A6D89781}.Release|Any CPU.ActiveCfg = Release|Win32
		{8789990A-1CEB-457D-9E99-C718A6D89781}.Release|Mixed Platforms.ActiveCfg = Release|Win32
		{8789990A-1CEB-457D-9E99-C718A6D89781}.Release|Mixed Platforms.Build.0 = Release|Win32
		{8789990A-1CEB-457D-9E99-C718A6D89781}.Release|Win32.ActiveCfg = Release|Win32
		{8789990A-1CEB-457D-9E99-C718A6D89781}.Release|Win32.Build.0 = Release|Win32
		{8789990A-1CEB-457D-9E99-C718A6D89781}.ReleaseNoUserInput|Any CPU.ActiveCfg = Release|Win32
		{8789990A-1CEB-457D-9E99-C718A6D89781}.ReleaseNoUserInput|Mixed Platforms.ActiveCfg = Release|Win32
		{8789990A-1CEB-457D-9E99-C718A6D89781}.ReleaseNoUserInput|Mixed Platforms.Build.0 = Release|Win32
		{8789990A-1CEB-457D-9E99-C718A6D89781}.ReleaseNoUserInput|Win32.ActiveCfg = Release|Win32
		{8789990A-1CEB-457D-9E99-C718A6D89781}.ReleaseNoUserInput|Win32.Build.0 = Release|Win32
		{19E47A7E-B569-4E9B-BD77-FE9E310098EB}.Debug|Any CPU.ActiveCfg = Debug|Win32
		{19E47A7E-B569-4E9B-BD77-FE9E310098EB}.Debug|Mixed Platforms.ActiveCfg = Debug|Win32
		{19E47A7E-B569-4E9B-BD77-FE9E310098EB}.Debug|Mixed Platforms.Build.0 = Debug|Win32
		{19E47A7E-B569-4E9B-BD77-FE9E310098EB}.Debug|Win32.ActiveCfg = Debug|Win32
		{19E47A7E-B569-4E9B-BD77-FE9E310098EB}.Debug|Win32.Build.0 = Debug|Win32
		{19E47A7E-B569-4E9B-BD77-FE9E310098EB}.Release|Any CPU.ActiveCfg = Release|Win32
		{19E47A7E-B569-4E9B-BD77-FE9E310098EB}.Release|Mixed Platforms.ActiveCfg = Release|Win32
		{19E47A7E-B569-4E9B-BD77-FE9E310098EB}.Release|Mixed Platforms.Build.0 = Release|Win32
		{19E47A7E-B569-4E9B-BD77-FE9E310098EB}.Release|Win32.ActiveCfg = Release|Win32
		{19E47A7E-B569-4E9B-BD77-FE9E310098EB}.Release|Win32.Build.0 = Release|Win32
		{19E47A7E-B569-4E9B-BD77-FE9E310098EB}.ReleaseNoUserInput|Any CPU.ActiveCfg = ReleaseNoUserInput|Win32
		{19E47A7E-B569-4E9B-BD77-FE9E310098EB}.ReleaseNoUserInput|Mixed Platforms.ActiveCfg = ReleaseNoUserInput|Win32
		{19E47A7E-B569-4E9B-BD77-FE9E310098EB}.ReleaseNoUserInput|Mixed Platforms.Build.0 = ReleaseNoUserInput|Win32
		{19E47A7E-B569-4E9B-BD77-FE9E310098EB}.ReleaseNoUserInput|Win32.ActiveCfg = ReleaseNoUserInput|Win32
		{19E47A7E-B569-4E9B-BD77-FE9E310098EB}.ReleaseNoUserInput|Win32.Build.0 = ReleaseNoUserInput|Win32
		{E0F4960A-05DD-483D-92EE-F5CBB354FE43}.Debug|Any CPU.ActiveCfg = Debug|Win32
		{E0F4960A-05DD-483D-92EE-F5CBB354FE43}.Debug|Mixed Platforms.ActiveCfg = Debug|Win32
		{E0F4960A-05DD-483D-92EE-F5CBB354FE43}.Debug|Mixed Platforms.Build.0 = Debug|Win32
		{E0F4960A-05DD-483D-92EE-F5CBB354FE43}.Debug|Win32.ActiveCfg = Debug|Win32
		{E0F4960A-05DD-483D-92EE-F5CBB354FE43}.Debug|Win32.Build.0 = Debug|Win32
		{E0F4960A-05DD-483D-92EE-F5CBB354FE43}.Release|Any CPU.ActiveCfg = Release|Win32
		{E0F4960A-05DD-483D-92EE-F5CBB354FE43}.Release|Mixed Platforms.ActiveCfg = Release|Win32
		{E0F4960A-05DD-483D-92EE-F5CBB354FE43}.Release|Mixed Platforms.Build.0 = Release|Win32
		{E0F4960A-05DD-483D-92EE-F5CBB354FE43}.Release|Win32.ActiveCfg = Release|Win32
		{E0F4960A-05DD-483D-92EE-F5CBB354FE43}.Release|Win32.Build.0 = Release|Win32
		{E0F4960A-05DD-483D-92EE-F5CBB354FE43}.ReleaseNoUserInput|Any CPU.ActiveCfg = Release|Win32
		{E0F4960A-05DD-483D-92EE-F5CBB354FE43}.ReleaseNoUserInput|Mixed Platforms.ActiveCfg = Release|Win32
		{E0F4960A-05DD-483D-92EE-F5CBB354FE43}.ReleaseNoUserInput|Mixed Platforms.Build.0 = Release|Win32
		{E0F4960A-05DD-483D-92EE-F5CBB354FE43}.ReleaseNoUserInput|Win32.ActiveCfg = Release|Win32
		{E0F4960A-05DD-483D-92EE-F5CBB354FE43}.ReleaseNoUserInput|Win32.Build.0 = Release|Win32
		{A915BA20-6F11-437A-B668-8368F4A88B46}.Debug|Any CPU.ActiveCfg = Debug|Win32
		{A915BA20-6F11-437A-B668-8368F4A88B46}.Debug|Mixed Platforms.ActiveCfg = Debug|Win32
		{A915BA20-6F11-437A-B668-8368F4A88B46}.Debug|Mixed Platforms.Build.0 = Debug|Win32
		{A915BA20-6F11-437A-B668-8368F4A88B46}.Debug|Win32.ActiveCfg = Debug|Win32
		{A915BA20-6F11-437A-B668-8368F4A88B46}.Debug|Win32.Build.0 = Debug|Win32
		{A915BA20-6F11-437A-B668-8368F4A88B46}.Release|Any CPU.ActiveCfg = Release|Win32
		{A915BA20-6F11-437A-B668-8368F4A88B46}.Release|Mixed Platforms.ActiveCfg = Release|Win32
		{A915BA20-6F11-437A-B668-8368F4A88B46}.Release|Mixed Platforms.Build.0 = Release|Win32
		{A915BA20-6F11-437A-B668-8368F4A88B46}.Release|Win32.ActiveCfg = Release|Win32
		{A915BA20-6F11-437A-B668-8368F4A88B46}.Release|Win32.Build.0 = Release|Win32
		{A915BA20-6F11-437A-B668-8368F4A88B46}.ReleaseNoUserInput|Any CPU.ActiveCfg = Release|Win32
		{A915BA20-6F11-437A-B668-8368F4A88B46}.ReleaseNoUserInput|Mixed Platforms.ActiveCfg = Release|Win32
		{A915BA20-6F11-437A-B668-8368F4A88B46}.ReleaseNoUserInput|Mixed Platforms.Build.0 = Release|Win32
		{A915BA20-6F11-437A-B668-8368F4A88B46}.ReleaseNoUserInput|Win32.ActiveCfg = Release|Win32
		{A915BA20-6F11-437A-B668-8368F4A88B46}.ReleaseNoUserInput|Win32.Build.0 = Release|Win32
		{26535D0F-DB18-4C54-BA49-EC1C65823D83}.Debug|Any CPU.ActiveCfg = Debug|Win32
		{26535D0F-DB18-4C54-BA49-EC1C65823D83}.Debug|Mixed Platforms.ActiveCfg = Debug|Win32
		{26535D0F-DB18-4C54-BA49-EC1C65823D83}.Debug|Mixed Platforms.Build.0 = Debug|Win32
		{26535D0F-DB18-4C54-BA49-EC1C65823D83}.Debug|Win32.ActiveCfg = Debug|Win32
		{26535D0F-DB18-4C54-BA49-EC1C65823D83}.Debug|Win32.Build.0 = Debug|Win32
		{26535D0F-DB18-4C54-BA49-EC1C65823D83}.Release|Any CPU.ActiveCfg = Release|Win32
		{26535D0F-DB18-4C54-BA49-EC1C65823D83}.Release|Mixed Platforms.ActiveCfg = Release|Win32
		{26535D0F-DB18-4C54-BA49-EC1C65823D83}.Release|Mixed Platforms.Build.0 = Release|Win32
		{26535D0F-DB18-4C54-BA49-EC1C65823D83}.Release|Win32.ActiveCfg = Release|Win32
		{26535D0F-DB18-4C54-BA49-EC1C65823D83}.Release|Win32.Build.0 = Release|Win32
		{26535D0F-DB18-4C54-BA49-EC1C65823D83}.ReleaseNoUserInput|Any CPU.ActiveCfg = Release|Win32
		{26535D0F-DB18-4C54-BA49-EC1C65823D83}.ReleaseNoUserInput|Mixed Platforms.ActiveCfg = Release|Win32
		{26535D0F-DB18-4C54-BA49-EC1C65823D83}.ReleaseNoUserInput|Mixed Platforms.Build.0 = Release|Win32
		{26535D0F-DB18-4C54-BA49-EC1C65823D83}.ReleaseNoUserInput|Win32.ActiveCfg = Release|Win32
		{26535D0F-DB18-4C54-BA49-EC1C65823D83}.ReleaseNoUserInput|Win32.Build.0 = Release|Win32
		{C27B35CF-08FE-4B91-9EB4-78A8583A23D4}.Debug|Any CPU.ActiveCfg = Debug|Win32
		{C27B35CF-08FE-4B91-9EB4-78A8583A23D4}.Debug|Mixed Platforms.ActiveCfg = Debug|Win32
		{C27B35CF-08FE-4B91-9EB4-78A8583A23D4}.Debug|Mixed Platforms.Build.0 = Debug|Win32
		{C27B35CF-08FE-4B91-9EB4-78A8583A23D4}.Debug|Win32.ActiveCfg = Debug|Win32
		{C27B35CF-08FE-4B91-9EB4-78A8583A23D4}.Debug|Win32.Build.0 = Debug|Win32
		{C27B35CF-08FE-4B91-9EB4-78A8583A23D4}.Release|Any CPU.ActiveCfg = Release|Win32
		{C27B35CF-08FE-4B91-9EB4-78A8583A23D4}.Release|Mixed Platforms.ActiveCfg = Release|Win32
		{C27B35CF-08FE-4B91-9EB4-78A8583A23D4}.Release|Mixed Platforms.Build.0 = Release|Win32
		{C27B35CF-08FE-4B91-9EB4-78A8583A23D4}.Release|Win32.ActiveCfg = Release|Win32
		{C27B35CF-08FE-4B91-9EB4-78A8583A23D4}.Release|Win32.Build.0 = Release|Win32
		{C27B35CF-08FE-4B91-9EB4-78A8583A23D4}.ReleaseNoUserInput|Any CPU.ActiveCfg = Release|Win32
		{C27B35CF-08FE-4B91-9EB4-78A8583A23D4}.ReleaseNoUserInput|Mixed Platforms.ActiveCfg = Release|Win32
		{C27B35CF-08FE-4B91-9EB4-78A8583A23D4}.ReleaseNoUserInput|Mixed Platforms.Build.0 = Release|Win32
		{C27B35CF-08FE-4B91-9EB4-78A8583A23D4}.ReleaseNoUserInput|Win32.ActiveCfg = Release|Win32
		{C27B35CF-08FE-4B91-9EB4-78A8583A23D4}.ReleaseNoUserInput|Win32.Build.0 = Release|Win32
		{DF66F798-BCC9-44D0-9FFB-1148C353DDD7}.Debug|Any CPU.ActiveCfg = Debug|Win32
		{DF66F798-BCC9-44D0-9FFB-1148C353DDD7}.Debug|Mixed Platforms.ActiveCfg = Debug|Win32
		{DF66F798-BCC9-44D0-9FFB-1148C353DDD7}.Debug|Mixed Platforms.Build.0 = Debug|Win32
		{DF66F798-BCC9-44D0-9FFB-1148C353DDD7}.Debug|Win32.ActiveCfg = Debug|Win32
		{DF66F798-BCC9-44D0-9FFB-1148C353DDD7}.Debug|Win32.Build.0 = Debug|Win32
		{DF66F798-BCC9-44D0-9FFB-1148C353DDD7}.Release|Any CPU.ActiveCfg = Release|Win32
		{DF66F798-BCC9-44D0-9FFB-1148C353DDD7}.Release|Mixed Platforms.ActiveCfg = Release|Win32
		{DF66F798-BCC9-44D0-9FFB-1148C353DDD7}.Release|Mixed Platforms.Build.0 = Release|Win32
		{DF66F798-BCC9-44D0-9FFB-1148C353DDD7}.Release|Win32.ActiveCfg = Release|Win32
		{DF66F798-BCC9-44D0-9FFB-1148C353DDD7}.Release|Win32.Build.0 = Release|Win32
		{DF66F798-BCC9-44D0-9FFB-1148C353DDD7}.ReleaseNoUserInput|Any CPU.ActiveCfg = Release|Win32
		{DF66F798-BCC9-44D0-9FFB-1148C353DDD7}.ReleaseNoUserInput|Mixed Platforms.ActiveCfg = Release|Win32
		{DF66F798-BCC9-44D0-9FFB-1148C353DDD7}.ReleaseNoUserInput|Mixed Platforms.Build.0 = Release|Win32
		{DF66F798-BCC9-44D0-9FFB-1148C353DDD7}.ReleaseNoUserInput|Win32.ActiveCfg = Release|Win32
		{DF66F798-BCC9-44D0-9FFB-1148C353DDD7}.ReleaseNoUserInput|Win32.Build.0 = Release|Win32
		{319187C8-844C-401E-B3DD-0E9BB54D97F0}.Debug|Any CPU.ActiveCfg = Debug|Any CPU
		{319187C8-844C-401E-B3DD-0E9BB54D97F0}.Debug|Any CPU.Build.0 = Debug|Any CPU
		{319187C8-844C-401E-B3DD-0E9BB54D97F0}.Debug|Mixed Platforms.ActiveCfg = Debug|Any CPU
		{319187C8-844C-401E-B3DD-0E9BB54D97F0}.Debug|Mixed Platforms.Build.0 = Debug|Any CPU
		{319187C8-844C-401E-B3DD-0E9BB54D97F0}.Debug|Win32.ActiveCfg = Debug|Any CPU
		{319187C8-844C-401E-B3DD-0E9BB54D97F0}.Release|Any CPU.ActiveCfg = Release|Any CPU
		{319187C8-844C-401E-B3DD-0E9BB54D97F0}.Release|Any CPU.Build.0 = Release|Any CPU
		{319187C8-844C-401E-B3DD-0E9BB54D97F0}.Release|Mixed Platforms.ActiveCfg = Release|Any CPU
		{319187C8-844C-401E-B3DD-0E9BB54D97F0}.Release|Mixed Platforms.Build.0 = Release|Any CPU
		{319187C8-844C-401E-B3DD-0E9BB54D97F0}.Release|Win32.ActiveCfg = Release|Any CPU
		{319187C8-844C-401E-B3DD-0E9BB54D97F0}.ReleaseNoUserInput|Any CPU.ActiveCfg = Release|Any CPU
		{319187C8-844C-401E-B3DD-0E9BB54D97F0}.ReleaseNoUserInput|Any CPU.Build.0 = Release|Any CPU
		{319187C8-844C-401E-B3DD-0E9BB54D97F0}.ReleaseNoUserInput|Mixed Platforms.ActiveCfg = Release|Any CPU
		{319187C8-844C-401E-B3DD-0E9BB54D97F0}.ReleaseNoUserInput|Mixed Platforms.Build.0 = Release|Any CPU
		{319187C8-844C-401E-B3DD-0E9BB54D97F0}.ReleaseNoUserInput|Win32.ActiveCfg = Release|Any CPU
	EndGlobalSection
	GlobalSection(SolutionProperties) = preSolution
		HideSolutionNode = FALSE
	EndGlobalSection
EndGlobal
